
Microsoft Visual Studio Solution File, Format Version 12.00
# Visual Studio Version 17
VisualStudioVersion = 17.13.35931.197 d17.13
MinimumVisualStudioVersion = 10.0.40219.1
Project("{FAE04EC0-301F-11D3-BF4B-00C04F79EFBC}") = "Notable.Host", "Notable.Host\Notable.Host.csproj", "{DA929E04-FD03-41E5-AE8B-7890BFC76DF0}"
EndProject
Global
	GlobalSection(SolutionConfigurationPlatforms) = preSolution
		Debug|Any CPU = Debug|Any CPU
		Release|Any CPU = Release|Any CPU
	EndGlobalSection
	GlobalSection(ProjectConfigurationPlatforms) = postSolution
		{DA929E04-FD03-41E5-AE8B-7890BFC76DF0}.Debug|Any CPU.ActiveCfg = Debug|Any CPU
		{DA929E04-FD03-41E5-AE8B-7890BFC76DF0}.Debug|Any CPU.Build.0 = Debug|Any CPU
		{DA929E04-FD03-41E5-AE8B-7890BFC76DF0}.Release|Any CPU.ActiveCfg = Release|Any CPU
		{DA929E04-FD03-41E5-AE8B-7890BFC76DF0}.Release|Any CPU.Build.0 = Release|Any CPU
	EndGlobalSection
	GlobalSection(SolutionProperties) = preSolution
		HideSolutionNode = FALSE
	EndGlobalSection
	GlobalSection(ExtensibilityGlobals) = postSolution
		SolutionGuid = {584C856E-D904-4959-B03D-1DEBEE3CBEAE}
	EndGlobalSection
EndGlobal
